
Microsoft Visual Studio Solution File, Format Version 12.00
# Visual Studio Version 17
VisualStudioVersion = 17.8.34330.188
MinimumVisualStudioVersion = 10.0.40219.1
Project("{9A19103F-16F7-4668-BE54-9A1E7A4F7556}") = "BMICalculator", "BMICalculator\BMICalculator.csproj", "{B3F434BB-A1AC-4ED6-A16E-77025E44A567}"
EndProject
Project("{9A19103F-16F7-4668-BE54-9A1E7A4F7556}") = "Math", "Math\Math.csproj", "{8046B02E-245D-48C8-AB1C-1BAACCEA5A57}"
EndProject
Project("{FAE04EC0-301F-11D3-BF4B-00C04F79EFBC}") = "Zodiac", "Zodiac\Zodiac.csproj", "{90BB038E-A02C-46A6-942C-3E8102A30442}"
EndProject
Global
	GlobalSection(SolutionConfigurationPlatforms) = preSolution
		Debug|Any CPU = Debug|Any CPU
		Release|Any CPU = Release|Any CPU
	EndGlobalSection
	GlobalSection(ProjectConfigurationPlatforms) = postSolution
		{B3F434BB-A1AC-4ED6-A16E-77025E44A567}.Debug|Any CPU.ActiveCfg = Debug|Any CPU
		{B3F434BB-A1AC-4ED6-A16E-77025E44A567}.Debug|Any CPU.Build.0 = Debug|Any CPU
		{B3F434BB-A1AC-4ED6-A16E-77025E44A567}.Release|Any CPU.ActiveCfg = Release|Any CPU
		{B3F434BB-A1AC-4ED6-A16E-77025E44A567}.Release|Any CPU.Build.0 = Release|Any CPU
		{8046B02E-245D-48C8-AB1C-1BAACCEA5A57}.Debug|Any CPU.ActiveCfg = Debug|Any CPU
		{8046B02E-245D-48C8-AB1C-1BAACCEA5A57}.Debug|Any CPU.Build.0 = Debug|Any CPU
		{8046B02E-245D-48C8-AB1C-1BAACCEA5A57}.Release|Any CPU.ActiveCfg = Release|Any CPU
		{8046B02E-245D-48C8-AB1C-1BAACCEA5A57}.Release|Any CPU.Build.0 = Release|Any CPU
		{90BB038E-A02C-46A6-942C-3E8102A30442}.Debug|Any CPU.ActiveCfg = Debug|Any CPU
		{90BB038E-A02C-46A6-942C-3E8102A30442}.Debug|Any CPU.Build.0 = Debug|Any CPU
		{90BB038E-A02C-46A6-942C-3E8102A30442}.Release|Any CPU.ActiveCfg = Release|Any CPU
		{90BB038E-A02C-46A6-942C-3E8102A30442}.Release|Any CPU.Build.0 = Release|Any CPU
	EndGlobalSection
	GlobalSection(SolutionProperties) = preSolution
		HideSolutionNode = FALSE
	EndGlobalSection
	GlobalSection(ExtensibilityGlobals) = postSolution
		SolutionGuid = {3060E58F-43E8-4C82-A53C-190E8AF75A2D}
	EndGlobalSection
EndGlobal
